
Microsoft Visual Studio Solution File, Format Version 12.00
# Visual Studio Version 17
VisualStudioVersion = 17.5.002.0
MinimumVisualStudioVersion = 10.0.40219.1
Project("{9A19103F-16F7-4668-BE54-9A1E7A4F7556}") = "CarRental.Api", "CarRental.Api.csproj", "{BDA42C5C-6F3B-4E58-9878-4525B48B5809}"
EndProject
Global
	GlobalSection(SolutionConfigurationPlatforms) = preSolution
		Debug|Any CPU = Debug|Any CPU
		Release|Any CPU = Release|Any CPU
	EndGlobalSection
	GlobalSection(ProjectConfigurationPlatforms) = postSolution
		{BDA42C5C-6F3B-4E58-9878-4525B48B5809}.Debug|Any CPU.ActiveCfg = Debug|Any CPU
		{BDA42C5C-6F3B-4E58-9878-4525B48B5809}.Debug|Any CPU.Build.0 = Debug|Any CPU
		{BDA42C5C-6F3B-4E58-9878-4525B48B5809}.Release|Any CPU.ActiveCfg = Release|Any CPU
		{BDA42C5C-6F3B-4E58-9878-4525B48B5809}.Release|Any CPU.Build.0 = Release|Any CPU
	EndGlobalSection
	GlobalSection(SolutionProperties) = preSolution
		HideSolutionNode = FALSE
	EndGlobalSection
	GlobalSection(ExtensibilityGlobals) = postSolution
		SolutionGuid = {BA818EB0-8C21-404A-B928-2B4C42773284}
	EndGlobalSection
EndGlobal
